// !$*UTF8*$!
{
	archiveVersion = 1;
	classes = {
	};
	objectVersion = 46;
	objects = {

/* Begin PBXBuildFile section */
		A41B70DA1B10CAD300438250 /* green-tick.png in Resources */ = {isa = PBXBuildFile; fileRef = A41B70D61B10CAD300438250 /* green-tick.png */; };
		A41B70DB1B10CAD300438250 /* red-cross.png in Resources */ = {isa = PBXBuildFile; fileRef = A41B70D71B10CAD300438250 /* red-cross.png */; };
		A41B70DC1B10CAD300438250 /* restart-256.png in Resources */ = {isa = PBXBuildFile; fileRef = A41B70D81B10CAD300438250 /* restart-256.png */; };
		A41B70DD1B10CAD300438250 /* rodentia-icons_system-reboot.png in Resources */ = {isa = PBXBuildFile; fileRef = A41B70D91B10CAD300438250 /* rodentia-icons_system-reboot.png */; };
		A41B70DF1B10CED900438250 /* SpriteKit.framework in Frameworks */ = {isa = PBXBuildFile; fileRef = A41B70DE1B10CED900438250 /* SpriteKit.framework */; };
		A41B70E11B10CEE500438250 /* CoreBluetooth.framework in Frameworks */ = {isa = PBXBuildFile; fileRef = A41B70E01B10CEE500438250 /* CoreBluetooth.framework */; };
		A41B70E41B10D15E00438250 /* Joystick.m in Sources */ = {isa = PBXBuildFile; fileRef = A41B70E31B10D15D00438250 /* Joystick.m */; };
		A41B70EC1B10DA3400438250 /* MyScene.m in Sources */ = {isa = PBXBuildFile; fileRef = A41B70EB1B10DA3400438250 /* MyScene.m */; };
		A4E184BD1B0F50A600E0F420 /* main.m in Sources */ = {isa = PBXBuildFile; fileRef = A4E184BC1B0F50A600E0F420 /* main.m */; };
		A4E184C01B0F50A600E0F420 /* AppDelegate.m in Sources */ = {isa = PBXBuildFile; fileRef = A4E184BF1B0F50A600E0F420 /* AppDelegate.m */; };
		A4E184C31B0F50A600E0F420 /* ViewController.m in Sources */ = {isa = PBXBuildFile; fileRef = A4E184C21B0F50A600E0F420 /* ViewController.m */; };
		A4E184C61B0F50A600E0F420 /* Main.storyboard in Resources */ = {isa = PBXBuildFile; fileRef = A4E184C41B0F50A600E0F420 /* Main.storyboard */; };
		A4E184C81B0F50A600E0F420 /* Images.xcassets in Resources */ = {isa = PBXBuildFile; fileRef = A4E184C71B0F50A600E0F420 /* Images.xcassets */; };
		A4E184CB1B0F50A600E0F420 /* LaunchScreen.xib in Resources */ = {isa = PBXBuildFile; fileRef = A4E184C91B0F50A600E0F420 /* LaunchScreen.xib */; };
		A4E184D71B0F50A600E0F420 /* ACRCV_appTests.m in Sources */ = {isa = PBXBuildFile; fileRef = A4E184D61B0F50A600E0F420 /* ACRCV_appTests.m */; };
		A4E184EC1B0F789800E0F420 /* MainViewController.m in Sources */ = {isa = PBXBuildFile; fileRef = A4E184EB1B0F789800E0F420 /* MainViewController.m */; };
		A4E184EF1B0F78B700E0F420 /* BluetoothConnectingViewController.m in Sources */ = {isa = PBXBuildFile; fileRef = A4E184EE1B0F78B700E0F420 /* BluetoothConnectingViewController.m */; };
		A4E184F21B0F78E500E0F420 /* CLOptionsTableViewController.m in Sources */ = {isa = PBXBuildFile; fileRef = A4E184F11B0F78E500E0F420 /* CLOptionsTableViewController.m */; };
		A4E184F51B0F790100E0F420 /* SuperMainViewController.m in Sources */ = {isa = PBXBuildFile; fileRef = A4E184F41B0F790100E0F420 /* SuperMainViewController.m */; };
		A4E184F81B0F791000E0F420 /* GifViewController.m in Sources */ = {isa = PBXBuildFile; fileRef = A4E184F71B0F791000E0F420 /* GifViewController.m */; };
		A4E184FB1B0F791F00E0F420 /* SimpleInfoViewController.m in Sources */ = {isa = PBXBuildFile; fileRef = A4E184FA1B0F791F00E0F420 /* SimpleInfoViewController.m */; };
		A4E184FF1B0F795700E0F420 /* NoLongerConnectedViewController.m in Sources */ = {isa = PBXBuildFile; fileRef = A4E184FE1B0F795700E0F420 /* NoLongerConnectedViewController.m */; };
		A4E185021B0F7CD400E0F420 /* PageContentViewController.m in Sources */ = {isa = PBXBuildFile; fileRef = A4E185011B0F7CD400E0F420 /* PageContentViewController.m */; };
		A4E185101B0F852500E0F420 /* dpad.png in Resources */ = {isa = PBXBuildFile; fileRef = A4E1850E1B0F852500E0F420 /* dpad.png */; };
		A4E185111B0F852500E0F420 /* joystick.png in Resources */ = {isa = PBXBuildFile; fileRef = A4E1850F1B0F852500E0F420 /* joystick.png */; };
		A4E185141B0F8B0600E0F420 /* CLOptionsCell.m in Sources */ = {isa = PBXBuildFile; fileRef = A4E185131B0F8B0600E0F420 /* CLOptionsCell.m */; };
		A4E185171B1023CE00E0F420 /* CLOption.m in Sources */ = {isa = PBXBuildFile; fileRef = A4E185161B1023CE00E0F420 /* CLOption.m */; };
		A4E1851A1B1023DA00E0F420 /* CLOptions.m in Sources */ = {isa = PBXBuildFile; fileRef = A4E185191B1023DA00E0F420 /* CLOptions.m */; };
		A4E1851D1B106D4D00E0F420 /* commmands.m in Sources */ = {isa = PBXBuildFile; fileRef = A4E1851C1B106D4D00E0F420 /* commmands.m */; };
		A4E185221B10A33A00E0F420 /* chocolate-640.jpg in Resources */ = {isa = PBXBuildFile; fileRef = A4E1851F1B10A33A00E0F420 /* chocolate-640.jpg */; };
		A4E185231B10A33A00E0F420 /* popsicle-640.png in Resources */ = {isa = PBXBuildFile; fileRef = A4E185201B10A33A00E0F420 /* popsicle-640.png */; };
		A4E185241B10A33A00E0F420 /* Red_button.png in Resources */ = {isa = PBXBuildFile; fileRef = A4E185211B10A33A00E0F420 /* Red_button.png */; };
		A4E185291B10A38100E0F420 /* page1.png in Resources */ = {isa = PBXBuildFile; fileRef = A4E185251B10A38100E0F420 /* page1.png */; };
		A4E1852A1B10A38100E0F420 /* page2.png in Resources */ = {isa = PBXBuildFile; fileRef = A4E185261B10A38100E0F420 /* page2.png */; };
		A4E1852B1B10A38100E0F420 /* page3.png in Resources */ = {isa = PBXBuildFile; fileRef = A4E185271B10A38100E0F420 /* page3.png */; };
		A4E1852C1B10A38100E0F420 /* page4.png in Resources */ = {isa = PBXBuildFile; fileRef = A4E185281B10A38100E0F420 /* page4.png */; };
		A4E185301B10B6CF00E0F420 /* BasicHelpViewController.m in Sources */ = {isa = PBXBuildFile; fileRef = A4E1852F1B10B6CF00E0F420 /* BasicHelpViewController.m */; };
		A4E185331B10B6EA00E0F420 /* BasicHelpCell.m in Sources */ = {isa = PBXBuildFile; fileRef = A4E185321B10B6EA00E0F420 /* BasicHelpCell.m */; };
		A4E185361B10B6FD00E0F420 /* BasicHelp.m in Sources */ = {isa = PBXBuildFile; fileRef = A4E185351B10B6FD00E0F420 /* BasicHelp.m */; };
/* End PBXBuildFile section */

/* Begin PBXContainerItemProxy section */
		A4E184D11B0F50A600E0F420 /* PBXContainerItemProxy */ = {
			isa = PBXContainerItemProxy;
			containerPortal = A4E184AF1B0F50A500E0F420 /* Project object */;
			proxyType = 1;
			remoteGlobalIDString = A4E184B61B0F50A500E0F420;
			remoteInfo = "ACRCV app";
		};
/* End PBXContainerItemProxy section */

/* Begin PBXFileReference section */
		A41B70D61B10CAD300438250 /* green-tick.png */ = {isa = PBXFileReference; lastKnownFileType = image.png; name = "green-tick.png"; path = "Images/green-tick.png"; sourceTree = "<group>"; };
		A41B70D71B10CAD300438250 /* red-cross.png */ = {isa = PBXFileReference; lastKnownFileType = image.png; name = "red-cross.png"; path = "Images/red-cross.png"; sourceTree = "<group>"; };
		A41B70D81B10CAD300438250 /* restart-256.png */ = {isa = PBXFileReference; lastKnownFileType = image.png; name = "restart-256.png"; path = "Images/restart-256.png"; sourceTree = "<group>"; };
		A41B70D91B10CAD300438250 /* rodentia-icons_system-reboot.png */ = {isa = PBXFileReference; lastKnownFileType = image.png; name = "rodentia-icons_system-reboot.png"; path = "Images/rodentia-icons_system-reboot.png"; sourceTree = "<group>"; };
		A41B70DE1B10CED900438250 /* SpriteKit.framework */ = {isa = PBXFileReference; lastKnownFileType = wrapper.framework; name = SpriteKit.framework; path = System/Library/Frameworks/SpriteKit.framework; sourceTree = SDKROOT; };
		A41B70E01B10CEE500438250 /* CoreBluetooth.framework */ = {isa = PBXFileReference; lastKnownFileType = wrapper.framework; name = CoreBluetooth.framework; path = System/Library/Frameworks/CoreBluetooth.framework; sourceTree = SDKROOT; };
		A41B70E21B10D15D00438250 /* Joystick.h */ = {isa = PBXFileReference; fileEncoding = 4; lastKnownFileType = sourcecode.c.h; path = Joystick.h; sourceTree = "<group>"; };
		A41B70E31B10D15D00438250 /* Joystick.m */ = {isa = PBXFileReference; fileEncoding = 4; lastKnownFileType = sourcecode.c.objc; path = Joystick.m; sourceTree = "<group>"; };
		A41B70EA1B10DA3400438250 /* MyScene.h */ = {isa = PBXFileReference; fileEncoding = 4; lastKnownFileType = sourcecode.c.h; name = MyScene.h; path = "ACRCV app/MyScene.h"; sourceTree = "<group>"; };
		A41B70EB1B10DA3400438250 /* MyScene.m */ = {isa = PBXFileReference; fileEncoding = 4; lastKnownFileType = sourcecode.c.objc; name = MyScene.m; path = "ACRCV app/MyScene.m"; sourceTree = "<group>"; };
		A4E184B71B0F50A600E0F420 /* ACRCV app.app */ = {isa = PBXFileReference; explicitFileType = wrapper.application; includeInIndex = 0; path = "ACRCV app.app"; sourceTree = BUILT_PRODUCTS_DIR; };
		A4E184BB1B0F50A600E0F420 /* Info.plist */ = {isa = PBXFileReference; lastKnownFileType = text.plist.xml; path = Info.plist; sourceTree = "<group>"; };
		A4E184BC1B0F50A600E0F420 /* main.m */ = {isa = PBXFileReference; lastKnownFileType = sourcecode.c.objc; path = main.m; sourceTree = "<group>"; };
		A4E184BE1B0F50A600E0F420 /* AppDelegate.h */ = {isa = PBXFileReference; lastKnownFileType = sourcecode.c.h; path = AppDelegate.h; sourceTree = "<group>"; };
		A4E184BF1B0F50A600E0F420 /* AppDelegate.m */ = {isa = PBXFileReference; lastKnownFileType = sourcecode.c.objc; path = AppDelegate.m; sourceTree = "<group>"; };
		A4E184C11B0F50A600E0F420 /* ViewController.h */ = {isa = PBXFileReference; lastKnownFileType = sourcecode.c.h; path = ViewController.h; sourceTree = "<group>"; };
		A4E184C21B0F50A600E0F420 /* ViewController.m */ = {isa = PBXFileReference; lastKnownFileType = sourcecode.c.objc; path = ViewController.m; sourceTree = "<group>"; };
		A4E184C51B0F50A600E0F420 /* Base */ = {isa = PBXFileReference; lastKnownFileType = file.storyboard; name = Base; path = Base.lproj/Main.storyboard; sourceTree = "<group>"; };
		A4E184C71B0F50A600E0F420 /* Images.xcassets */ = {isa = PBXFileReference; lastKnownFileType = folder.assetcatalog; name = Images.xcassets; path = "../ACRCV app/Images.xcassets"; sourceTree = "<group>"; };
		A4E184CA1B0F50A600E0F420 /* Base */ = {isa = PBXFileReference; lastKnownFileType = file.xib; name = Base; path = Base.lproj/LaunchScreen.xib; sourceTree = "<group>"; };
		A4E184D01B0F50A600E0F420 /* ACRCV appTests.xctest */ = {isa = PBXFileReference; explicitFileType = wrapper.cfbundle; includeInIndex = 0; path = "ACRCV appTests.xctest"; sourceTree = BUILT_PRODUCTS_DIR; };
		A4E184D51B0F50A600E0F420 /* Info.plist */ = {isa = PBXFileReference; lastKnownFileType = text.plist.xml; path = Info.plist; sourceTree = "<group>"; };
		A4E184D61B0F50A600E0F420 /* ACRCV_appTests.m */ = {isa = PBXFileReference; lastKnownFileType = sourcecode.c.objc; path = ACRCV_appTests.m; sourceTree = "<group>"; };
		A4E184EA1B0F789800E0F420 /* MainViewController.h */ = {isa = PBXFileReference; fileEncoding = 4; lastKnownFileType = sourcecode.c.h; path = MainViewController.h; sourceTree = "<group>"; };
		A4E184EB1B0F789800E0F420 /* MainViewController.m */ = {isa = PBXFileReference; fileEncoding = 4; lastKnownFileType = sourcecode.c.objc; path = MainViewController.m; sourceTree = "<group>"; };
		A4E184ED1B0F78B700E0F420 /* BluetoothConnectingViewController.h */ = {isa = PBXFileReference; fileEncoding = 4; lastKnownFileType = sourcecode.c.h; path = BluetoothConnectingViewController.h; sourceTree = "<group>"; };
		A4E184EE1B0F78B700E0F420 /* BluetoothConnectingViewController.m */ = {isa = PBXFileReference; fileEncoding = 4; lastKnownFileType = sourcecode.c.objc; path = BluetoothConnectingViewController.m; sourceTree = "<group>"; };
		A4E184F01B0F78E500E0F420 /* CLOptionsTableViewController.h */ = {isa = PBXFileReference; fileEncoding = 4; lastKnownFileType = sourcecode.c.h; path = CLOptionsTableViewController.h; sourceTree = "<group>"; };
		A4E184F11B0F78E500E0F420 /* CLOptionsTableViewController.m */ = {isa = PBXFileReference; fileEncoding = 4; lastKnownFileType = sourcecode.c.objc; path = CLOptionsTableViewController.m; sourceTree = "<group>"; };
		A4E184F31B0F790100E0F420 /* SuperMainViewController.h */ = {isa = PBXFileReference; fileEncoding = 4; lastKnownFileType = sourcecode.c.h; path = SuperMainViewController.h; sourceTree = "<group>"; };
		A4E184F41B0F790100E0F420 /* SuperMainViewController.m */ = {isa = PBXFileReference; fileEncoding = 4; lastKnownFileType = sourcecode.c.objc; path = SuperMainViewController.m; sourceTree = "<group>"; };
		A4E184F61B0F791000E0F420 /* GifViewController.h */ = {isa = PBXFileReference; fileEncoding = 4; lastKnownFileType = sourcecode.c.h; path = GifViewController.h; sourceTree = "<group>"; };
		A4E184F71B0F791000E0F420 /* GifViewController.m */ = {isa = PBXFileReference; fileEncoding = 4; lastKnownFileType = sourcecode.c.objc; path = GifViewController.m; sourceTree = "<group>"; };
		A4E184F91B0F791F00E0F420 /* SimpleInfoViewController.h */ = {isa = PBXFileReference; fileEncoding = 4; lastKnownFileType = sourcecode.c.h; path = SimpleInfoViewController.h; sourceTree = "<group>"; };
		A4E184FA1B0F791F00E0F420 /* SimpleInfoViewController.m */ = {isa = PBXFileReference; fileEncoding = 4; lastKnownFileType = sourcecode.c.objc; path = SimpleInfoViewController.m; sourceTree = "<group>"; };
		A4E184FD1B0F795700E0F420 /* NoLongerConnectedViewController.h */ = {isa = PBXFileReference; fileEncoding = 4; lastKnownFileType = sourcecode.c.h; path = NoLongerConnectedViewController.h; sourceTree = "<group>"; };
		A4E184FE1B0F795700E0F420 /* NoLongerConnectedViewController.m */ = {isa = PBXFileReference; fileEncoding = 4; lastKnownFileType = sourcecode.c.objc; path = NoLongerConnectedViewController.m; sourceTree = "<group>"; };
		A4E185001B0F7CD400E0F420 /* PageContentViewController.h */ = {isa = PBXFileReference; fileEncoding = 4; lastKnownFileType = sourcecode.c.h; path = PageContentViewController.h; sourceTree = "<group>"; };
		A4E185011B0F7CD400E0F420 /* PageContentViewController.m */ = {isa = PBXFileReference; fileEncoding = 4; lastKnownFileType = sourcecode.c.objc; path = PageContentViewController.m; sourceTree = "<group>"; };
		A4E1850E1B0F852500E0F420 /* dpad.png */ = {isa = PBXFileReference; lastKnownFileType = image.png; name = dpad.png; path = Images/dpad.png; sourceTree = "<group>"; };
		A4E1850F1B0F852500E0F420 /* joystick.png */ = {isa = PBXFileReference; lastKnownFileType = image.png; name = joystick.png; path = Images/joystick.png; sourceTree = "<group>"; };
		A4E185121B0F8B0600E0F420 /* CLOptionsCell.h */ = {isa = PBXFileReference; fileEncoding = 4; lastKnownFileType = sourcecode.c.h; path = CLOptionsCell.h; sourceTree = "<group>"; };
		A4E185131B0F8B0600E0F420 /* CLOptionsCell.m */ = {isa = PBXFileReference; fileEncoding = 4; lastKnownFileType = sourcecode.c.objc; path = CLOptionsCell.m; sourceTree = "<group>"; };
		A4E185151B1023CE00E0F420 /* CLOption.h */ = {isa = PBXFileReference; fileEncoding = 4; lastKnownFileType = sourcecode.c.h; path = CLOption.h; sourceTree = "<group>"; };
		A4E185161B1023CE00E0F420 /* CLOption.m */ = {isa = PBXFileReference; fileEncoding = 4; lastKnownFileType = sourcecode.c.objc; path = CLOption.m; sourceTree = "<group>"; };
		A4E185181B1023DA00E0F420 /* CLOptions.h */ = {isa = PBXFileReference; fileEncoding = 4; lastKnownFileType = sourcecode.c.h; path = CLOptions.h; sourceTree = "<group>"; };
		A4E185191B1023DA00E0F420 /* CLOptions.m */ = {isa = PBXFileReference; fileEncoding = 4; lastKnownFileType = sourcecode.c.objc; path = CLOptions.m; sourceTree = "<group>"; };
		A4E1851B1B106D4D00E0F420 /* commmands.h */ = {isa = PBXFileReference; fileEncoding = 4; lastKnownFileType = sourcecode.c.h; path = commmands.h; sourceTree = "<group>"; };
		A4E1851C1B106D4D00E0F420 /* commmands.m */ = {isa = PBXFileReference; fileEncoding = 4; lastKnownFileType = sourcecode.c.objc; path = commmands.m; sourceTree = "<group>"; };
		A4E1851F1B10A33A00E0F420 /* chocolate-640.jpg */ = {isa = PBXFileReference; lastKnownFileType = image.jpeg; name = "chocolate-640.jpg"; path = "Images/chocolate-640.jpg"; sourceTree = "<group>"; };
		A4E185201B10A33A00E0F420 /* popsicle-640.png */ = {isa = PBXFileReference; lastKnownFileType = image.png; name = "popsicle-640.png"; path = "Images/popsicle-640.png"; sourceTree = "<group>"; };
		A4E185211B10A33A00E0F420 /* Red_button.png */ = {isa = PBXFileReference; lastKnownFileType = image.png; name = Red_button.png; path = Images/Red_button.png; sourceTree = "<group>"; };
		A4E185251B10A38100E0F420 /* page1.png */ = {isa = PBXFileReference; lastKnownFileType = image.png; name = page1.png; path = Images/PageViewDemoImages/page1.png; sourceTree = "<group>"; };
		A4E185261B10A38100E0F420 /* page2.png */ = {isa = PBXFileReference; lastKnownFileType = image.png; name = page2.png; path = Images/PageViewDemoImages/page2.png; sourceTree = "<group>"; };
		A4E185271B10A38100E0F420 /* page3.png */ = {isa = PBXFileReference; lastKnownFileType = image.png; name = page3.png; path = Images/PageViewDemoImages/page3.png; sourceTree = "<group>"; };
		A4E185281B10A38100E0F420 /* page4.png */ = {isa = PBXFileReference; lastKnownFileType = image.png; name = page4.png; path = Images/PageViewDemoImages/page4.png; sourceTree = "<group>"; };
		A4E1852E1B10B6CF00E0F420 /* BasicHelpViewController.h */ = {isa = PBXFileReference; fileEncoding = 4; lastKnownFileType = sourcecode.c.h; path = BasicHelpViewController.h; sourceTree = "<group>"; };
		A4E1852F1B10B6CF00E0F420 /* BasicHelpViewController.m */ = {isa = PBXFileReference; fileEncoding = 4; lastKnownFileType = sourcecode.c.objc; path = BasicHelpViewController.m; sourceTree = "<group>"; };
		A4E185311B10B6EA00E0F420 /* BasicHelpCell.h */ = {isa = PBXFileReference; fileEncoding = 4; lastKnownFileType = sourcecode.c.h; path = BasicHelpCell.h; sourceTree = "<group>"; };
		A4E185321B10B6EA00E0F420 /* BasicHelpCell.m */ = {isa = PBXFileReference; fileEncoding = 4; lastKnownFileType = sourcecode.c.objc; path = BasicHelpCell.m; sourceTree = "<group>"; };
		A4E185341B10B6FD00E0F420 /* BasicHelp.h */ = {isa = PBXFileReference; fileEncoding = 4; lastKnownFileType = sourcecode.c.h; path = BasicHelp.h; sourceTree = "<group>"; };
		A4E185351B10B6FD00E0F420 /* BasicHelp.m */ = {isa = PBXFileReference; fileEncoding = 4; lastKnownFileType = sourcecode.c.objc; path = BasicHelp.m; sourceTree = "<group>"; };
/* End PBXFileReference section */

/* Begin PBXFrameworksBuildPhase section */
		A4E184B41B0F50A500E0F420 /* Frameworks */ = {
			isa = PBXFrameworksBuildPhase;
			buildActionMask = 2147483647;
			files = (
				A41B70E11B10CEE500438250 /* CoreBluetooth.framework in Frameworks */,
				A41B70DF1B10CED900438250 /* SpriteKit.framework in Frameworks */,
			);
			runOnlyForDeploymentPostprocessing = 0;
		};
		A4E184CD1B0F50A600E0F420 /* Frameworks */ = {
			isa = PBXFrameworksBuildPhase;
			buildActionMask = 2147483647;
			files = (
			);
			runOnlyForDeploymentPostprocessing = 0;
		};
/* End PBXFrameworksBuildPhase section */

/* Begin PBXGroup section */
		A41B70E51B10D9E400438250 /* SpriteKit */ = {
			isa = PBXGroup;
			children = (
				A41B70E61B10D9FD00438250 /* Main Scene */,
				A4E1850D1B0F839F00E0F420 /* Joystick */,
			);
			name = SpriteKit;
			path = ..;
			sourceTree = "<group>";
		};
		A41B70E61B10D9FD00438250 /* Main Scene */ = {
			isa = PBXGroup;
			children = (
				A41B70EA1B10DA3400438250 /* MyScene.h */,
				A41B70EB1B10DA3400438250 /* MyScene.m */,
			);
			name = "Main Scene";
			sourceTree = "<group>";
		};
		A4E184AE1B0F50A500E0F420 = {
			isa = PBXGroup;
			children = (
				A41B70E01B10CEE500438250 /* CoreBluetooth.framework */,
				A41B70DE1B10CED900438250 /* SpriteKit.framework */,
				A4E184B91B0F50A600E0F420 /* ACRCV app */,
			);
			sourceTree = "<group>";
		};
		A4E184B81B0F50A600E0F420 /* Products */ = {
			isa = PBXGroup;
			children = (
				A4E184B71B0F50A600E0F420 /* ACRCV app.app */,
				A4E184D01B0F50A600E0F420 /* ACRCV appTests.xctest */,
			);
			name = Products;
			path = ..;
			sourceTree = "<group>";
		};
		A4E184B91B0F50A600E0F420 /* ACRCV app */ = {
			isa = PBXGroup;
			children = (
				A41B70E51B10D9E400438250 /* SpriteKit */,
				A4E184E91B0F774600E0F420 /* Images/Music */,
				A4E184E41B0F76D600E0F420 /* Main View */,
				A4E184E31B0F76B000E0F420 /* Command Line */,
				A4E184E21B0F76A400E0F420 /* Bluetooth */,
				A4E184E11B0F769D00E0F420 /* Intro */,
				A4E184E01B0F769000E0F420 /* Extras */,
				A4E184BE1B0F50A600E0F420 /* AppDelegate.h */,
				A4E184BF1B0F50A600E0F420 /* AppDelegate.m */,
				A4E184C41B0F50A600E0F420 /* Main.storyboard */,
				A4E184D41B0F50A600E0F420 /* Supporting Files */,
			);
			path = "ACRCV app";
			sourceTree = "<group>";
		};
		A4E184BA1B0F50A600E0F420 /* Supporting Files */ = {
			isa = PBXGroup;
			children = (
				A4E184BB1B0F50A600E0F420 /* Info.plist */,
				A4E184BC1B0F50A600E0F420 /* main.m */,
			);
			name = "Supporting Files";
			path = "../ACRCV app";
			sourceTree = "<group>";
		};
		A4E184D31B0F50A600E0F420 /* ACRCV appTests */ = {
			isa = PBXGroup;
			children = (
				A4E184D61B0F50A600E0F420 /* ACRCV_appTests.m */,
			);
			name = "ACRCV appTests";
			sourceTree = "<group>";
		};
		A4E184D41B0F50A600E0F420 /* Supporting Files */ = {
			isa = PBXGroup;
			children = (
				A4E184C71B0F50A600E0F420 /* Images.xcassets */,
				A4E184C91B0F50A600E0F420 /* LaunchScreen.xib */,
				A4E184D31B0F50A600E0F420 /* ACRCV appTests */,
				A4E184BA1B0F50A600E0F420 /* Supporting Files */,
				A4E184B81B0F50A600E0F420 /* Products */,
				A4E184D51B0F50A600E0F420 /* Info.plist */,
			);
			name = "Supporting Files";
			path = "ACRCV appTests";
			sourceTree = SOURCE_ROOT;
		};
		A4E184E01B0F769000E0F420 /* Extras */ = {
			isa = PBXGroup;
			children = (
				A4E184FC1B0F794400E0F420 /* No Longer Connected */,
				A4E184E81B0F772200E0F420 /* Info (baby) View */,
				A4E184E71B0F770E00E0F420 /* Gif View */,
			);
			name = Extras;
			sourceTree = "<group>";
		};
		A4E184E11B0F769D00E0F420 /* Intro */ = {
			isa = PBXGroup;
			children = (
				A4E184C11B0F50A600E0F420 /* ViewController.h */,
				A4E184C21B0F50A600E0F420 /* ViewController.m */,
				A4E185001B0F7CD400E0F420 /* PageContentViewController.h */,
				A4E185011B0F7CD400E0F420 /* PageContentViewController.m */,
			);
			name = Intro;
			sourceTree = "<group>";
		};
		A4E184E21B0F76A400E0F420 /* Bluetooth */ = {
			isa = PBXGroup;
			children = (
				A4E184ED1B0F78B700E0F420 /* BluetoothConnectingViewController.h */,
				A4E184EE1B0F78B700E0F420 /* BluetoothConnectingViewController.m */,
			);
			name = Bluetooth;
			sourceTree = "<group>";
		};
		A4E184E31B0F76B000E0F420 /* Command Line */ = {
			isa = PBXGroup;
			children = (
				A4E1852D1B10B69800E0F420 /* Basic User Help */,
				A4E1851E1B107E2E00E0F420 /* commands */,
				A4E184E61B0F76F600E0F420 /* New Main View */,
				A4E184E51B0F76E900E0F420 /* Options */,
			);
			name = "Command Line";
			sourceTree = "<group>";
		};
		A4E184E41B0F76D600E0F420 /* Main View */ = {
			isa = PBXGroup;
			children = (
				A4E184EA1B0F789800E0F420 /* MainViewController.h */,
				A4E184EB1B0F789800E0F420 /* MainViewController.m */,
			);
			name = "Main View";
			sourceTree = "<group>";
		};
		A4E184E51B0F76E900E0F420 /* Options */ = {
			isa = PBXGroup;
			children = (
				A4E184F01B0F78E500E0F420 /* CLOptionsTableViewController.h */,
				A4E184F11B0F78E500E0F420 /* CLOptionsTableViewController.m */,
				A4E185121B0F8B0600E0F420 /* CLOptionsCell.h */,
				A4E185131B0F8B0600E0F420 /* CLOptionsCell.m */,
				A4E185151B1023CE00E0F420 /* CLOption.h */,
				A4E185161B1023CE00E0F420 /* CLOption.m */,
				A4E185181B1023DA00E0F420 /* CLOptions.h */,
				A4E185191B1023DA00E0F420 /* CLOptions.m */,
			);
			name = Options;
			sourceTree = "<group>";
		};
		A4E184E61B0F76F600E0F420 /* New Main View */ = {
			isa = PBXGroup;
			children = (
				A4E184F31B0F790100E0F420 /* SuperMainViewController.h */,
				A4E184F41B0F790100E0F420 /* SuperMainViewController.m */,
			);
			name = "New Main View";
			sourceTree = "<group>";
		};
		A4E184E71B0F770E00E0F420 /* Gif View */ = {
			isa = PBXGroup;
			children = (
				A4E184F61B0F791000E0F420 /* GifViewController.h */,
				A4E184F71B0F791000E0F420 /* GifViewController.m */,
			);
			name = "Gif View";
			sourceTree = "<group>";
		};
		A4E184E81B0F772200E0F420 /* Info (baby) View */ = {
			isa = PBXGroup;
			children = (
				A4E184F91B0F791F00E0F420 /* SimpleInfoViewController.h */,
				A4E184FA1B0F791F00E0F420 /* SimpleInfoViewController.m */,
			);
			name = "Info (baby) View";
			sourceTree = "<group>";
		};
		A4E184E91B0F774600E0F420 /* Images/Music */ = {
			isa = PBXGroup;
			children = (
				A41B70D61B10CAD300438250 /* green-tick.png */,
				A41B70D71B10CAD300438250 /* red-cross.png */,
				A41B70D81B10CAD300438250 /* restart-256.png */,
				A41B70D91B10CAD300438250 /* rodentia-icons_system-reboot.png */,
				A4E1851F1B10A33A00E0F420 /* chocolate-640.jpg */,
				A4E185201B10A33A00E0F420 /* popsicle-640.png */,
				A4E185211B10A33A00E0F420 /* Red_button.png */,
				A4E1850E1B0F852500E0F420 /* dpad.png */,
				A4E1850F1B0F852500E0F420 /* joystick.png */,
				A4E185251B10A38100E0F420 /* page1.png */,
				A4E185261B10A38100E0F420 /* page2.png */,
				A4E185271B10A38100E0F420 /* page3.png */,
				A4E185281B10A38100E0F420 /* page4.png */,
			);
			name = Images/Music;
			sourceTree = "<group>";
		};
		A4E184FC1B0F794400E0F420 /* No Longer Connected */ = {
			isa = PBXGroup;
			children = (
				A4E184FD1B0F795700E0F420 /* NoLongerConnectedViewController.h */,
				A4E184FE1B0F795700E0F420 /* NoLongerConnectedViewController.m */,
			);
			name = "No Longer Connected";
			sourceTree = "<group>";
		};
		A4E1850D1B0F839F00E0F420 /* Joystick */ = {
			isa = PBXGroup;
			children = (
				A41B70E21B10D15D00438250 /* Joystick.h */,
				A41B70E31B10D15D00438250 /* Joystick.m */,
			);
			name = Joystick;
			path = "ACRCV app";
			sourceTree = "<group>";
		};
		A4E1851E1B107E2E00E0F420 /* commands */ = {
			isa = PBXGroup;
			children = (
				A4E1851B1B106D4D00E0F420 /* commmands.h */,
				A4E1851C1B106D4D00E0F420 /* commmands.m */,
			);
			name = commands;
			sourceTree = "<group>";
		};
		A4E1852D1B10B69800E0F420 /* Basic User Help */ = {
			isa = PBXGroup;
			children = (
				A4E1852E1B10B6CF00E0F420 /* BasicHelpViewController.h */,
				A4E1852F1B10B6CF00E0F420 /* BasicHelpViewController.m */,
				A4E185311B10B6EA00E0F420 /* BasicHelpCell.h */,
				A4E185321B10B6EA00E0F420 /* BasicHelpCell.m */,
				A4E185341B10B6FD00E0F420 /* BasicHelp.h */,
				A4E185351B10B6FD00E0F420 /* BasicHelp.m */,
			);
			name = "Basic User Help";
			sourceTree = "<group>";
		};
/* End PBXGroup section */

/* Begin PBXNativeTarget section */
		A4E184B61B0F50A500E0F420 /* ACRCV app */ = {
			isa = PBXNativeTarget;
			buildConfigurationList = A4E184DA1B0F50A600E0F420 /* Build configuration list for PBXNativeTarget "ACRCV app" */;
			buildPhases = (
				A4E184B31B0F50A500E0F420 /* Sources */,
				A4E184B41B0F50A500E0F420 /* Frameworks */,
				A4E184B51B0F50A500E0F420 /* Resources */,
			);
			buildRules = (
			);
			dependencies = (
			);
			name = "ACRCV app";
			productName = "ACRCV app";
			productReference = A4E184B71B0F50A600E0F420 /* ACRCV app.app */;
			productType = "com.apple.product-type.application";
		};
		A4E184CF1B0F50A600E0F420 /* ACRCV appTests */ = {
			isa = PBXNativeTarget;
			buildConfigurationList = A4E184DD1B0F50A600E0F420 /* Build configuration list for PBXNativeTarget "ACRCV appTests" */;
			buildPhases = (
				A4E184CC1B0F50A600E0F420 /* Sources */,
				A4E184CD1B0F50A600E0F420 /* Frameworks */,
				A4E184CE1B0F50A600E0F420 /* Resources */,
			);
			buildRules = (
			);
			dependencies = (
				A4E184D21B0F50A600E0F420 /* PBXTargetDependency */,
			);
			name = "ACRCV appTests";
			productName = "ACRCV appTests";
			productReference = A4E184D01B0F50A600E0F420 /* ACRCV appTests.xctest */;
			productType = "com.apple.product-type.bundle.unit-test";
		};
/* End PBXNativeTarget section */

/* Begin PBXProject section */
		A4E184AF1B0F50A500E0F420 /* Project object */ = {
			isa = PBXProject;
			attributes = {
				LastUpgradeCheck = 0630;
				ORGANIZATIONNAME = "Felix King";
				TargetAttributes = {
					A4E184B61B0F50A500E0F420 = {
						CreatedOnToolsVersion = 6.3.2;
					};
					A4E184CF1B0F50A600E0F420 = {
						CreatedOnToolsVersion = 6.3.2;
						TestTargetID = A4E184B61B0F50A500E0F420;
					};
				};
			};
			buildConfigurationList = A4E184B21B0F50A500E0F420 /* Build configuration list for PBXProject "ACRCV app" */;
			compatibilityVersion = "Xcode 3.2";
			developmentRegion = English;
			hasScannedForEncodings = 0;
			knownRegions = (
				en,
				Base,
			);
			mainGroup = A4E184AE1B0F50A500E0F420;
			productRefGroup = A4E184B81B0F50A600E0F420 /* Products */;
			projectDirPath = "";
			projectRoot = "";
			targets = (
				A4E184B61B0F50A500E0F420 /* ACRCV app */,
				A4E184CF1B0F50A600E0F420 /* ACRCV appTests */,
			);
		};
/* End PBXProject section */

/* Begin PBXResourcesBuildPhase section */
		A4E184B51B0F50A500E0F420 /* Resources */ = {
			isa = PBXResourcesBuildPhase;
			buildActionMask = 2147483647;
			files = (
				A4E184C61B0F50A600E0F420 /* Main.storyboard in Resources */,
				A4E1852B1B10A38100E0F420 /* page3.png in Resources */,
				A41B70DA1B10CAD300438250 /* green-tick.png in Resources */,
				A4E185221B10A33A00E0F420 /* chocolate-640.jpg in Resources */,
				A41B70DC1B10CAD300438250 /* restart-256.png in Resources */,
				A41B70DB1B10CAD300438250 /* red-cross.png in Resources */,
				A4E185241B10A33A00E0F420 /* Red_button.png in Resources */,
				A4E184CB1B0F50A600E0F420 /* LaunchScreen.xib in Resources */,
				A4E1852C1B10A38100E0F420 /* page4.png in Resources */,
				A4E184C81B0F50A600E0F420 /* Images.xcassets in Resources */,
				A4E185291B10A38100E0F420 /* page1.png in Resources */,
				A4E185101B0F852500E0F420 /* dpad.png in Resources */,
				A41B70DD1B10CAD300438250 /* rodentia-icons_system-reboot.png in Resources */,
				A4E185231B10A33A00E0F420 /* popsicle-640.png in Resources */,
				A4E185111B0F852500E0F420 /* joystick.png in Resources */,
				A4E1852A1B10A38100E0F420 /* page2.png in Resources */,
			);
			runOnlyForDeploymentPostprocessing = 0;
		};
		A4E184CE1B0F50A600E0F420 /* Resources */ = {
			isa = PBXResourcesBuildPhase;
			buildActionMask = 2147483647;
			files = (
			);
			runOnlyForDeploymentPostprocessing = 0;
		};
/* End PBXResourcesBuildPhase section */

/* Begin PBXSourcesBuildPhase section */
		A4E184B31B0F50A500E0F420 /* Sources */ = {
			isa = PBXSourcesBuildPhase;
			buildActionMask = 2147483647;
			files = (
				A41B70E41B10D15E00438250 /* Joystick.m in Sources */,
				A4E184EF1B0F78B700E0F420 /* BluetoothConnectingViewController.m in Sources */,
				A4E1851A1B1023DA00E0F420 /* CLOptions.m in Sources */,
				A4E184C31B0F50A600E0F420 /* ViewController.m in Sources */,
				A4E185021B0F7CD400E0F420 /* PageContentViewController.m in Sources */,
				A4E184F51B0F790100E0F420 /* SuperMainViewController.m in Sources */,
				A4E185361B10B6FD00E0F420 /* BasicHelp.m in Sources */,
				A4E184F81B0F791000E0F420 /* GifViewController.m in Sources */,
				A4E184C01B0F50A600E0F420 /* AppDelegate.m in Sources */,
				A4E184BD1B0F50A600E0F420 /* main.m in Sources */,
				A4E184EC1B0F789800E0F420 /* MainViewController.m in Sources */,
				A4E185171B1023CE00E0F420 /* CLOption.m in Sources */,
				A4E1851D1B106D4D00E0F420 /* commmands.m in Sources */,
				A4E184F21B0F78E500E0F420 /* CLOptionsTableViewController.m in Sources */,
				A4E185141B0F8B0600E0F420 /* CLOptionsCell.m in Sources */,
				A4E184FF1B0F795700E0F420 /* NoLongerConnectedViewController.m in Sources */,
				A41B70EC1B10DA3400438250 /* MyScene.m in Sources */,
				A4E185301B10B6CF00E0F420 /* BasicHelpViewController.m in Sources */,
				A4E184FB1B0F791F00E0F420 /* SimpleInfoViewController.m in Sources */,
				A4E185331B10B6EA00E0F420 /* BasicHelpCell.m in Sources */,
			);
			runOnlyForDeploymentPostprocessing = 0;
		};
		A4E184CC1B0F50A600E0F420 /* Sources */ = {
			isa = PBXSourcesBuildPhase;
			buildActionMask = 2147483647;
			files = (
				A4E184D71B0F50A600E0F420 /* ACRCV_appTests.m in Sources */,
			);
			runOnlyForDeploymentPostprocessing = 0;
		};
/* End PBXSourcesBuildPhase section */

/* Begin PBXTargetDependency section */
		A4E184D21B0F50A600E0F420 /* PBXTargetDependency */ = {
			isa = PBXTargetDependency;
			target = A4E184B61B0F50A500E0F420 /* ACRCV app */;
			targetProxy = A4E184D11B0F50A600E0F420 /* PBXContainerItemProxy */;
		};
/* End PBXTargetDependency section */

/* Begin PBXVariantGroup section */
		A4E184C41B0F50A600E0F420 /* Main.storyboard */ = {
			isa = PBXVariantGroup;
			children = (
				A4E184C51B0F50A600E0F420 /* Base */,
			);
			name = Main.storyboard;
			sourceTree = "<group>";
		};
		A4E184C91B0F50A600E0F420 /* LaunchScreen.xib */ = {
			isa = PBXVariantGroup;
			children = (
				A4E184CA1B0F50A600E0F420 /* Base */,
			);
			name = LaunchScreen.xib;
			path = "../ACRCV app";
			sourceTree = "<group>";
		};
/* End PBXVariantGroup section */

/* Begin XCBuildConfiguration section */
		A4E184D81B0F50A600E0F420 /* Debug */ = {
			isa = XCBuildConfiguration;
			buildSettings = {
				ALWAYS_SEARCH_USER_PATHS = NO;
				CLANG_CXX_LANGUAGE_STANDARD = "gnu++0x";
				CLANG_CXX_LIBRARY = "libc++";
				CLANG_ENABLE_MODULES = YES;
				CLANG_ENABLE_OBJC_ARC = YES;
				CLANG_WARN_BOOL_CONVERSION = YES;
				CLANG_WARN_CONSTANT_CONVERSION = YES;
				CLANG_WARN_DIRECT_OBJC_ISA_USAGE = YES_ERROR;
				CLANG_WARN_EMPTY_BODY = YES;
				CLANG_WARN_ENUM_CONVERSION = YES;
				CLANG_WARN_INT_CONVERSION = YES;
				CLANG_WARN_OBJC_ROOT_CLASS = YES_ERROR;
				CLANG_WARN_UNREACHABLE_CODE = YES;
				CLANG_WARN__DUPLICATE_METHOD_MATCH = YES;
				"CODE_SIGN_IDENTITY[sdk=iphoneos*]" = "iPhone Developer";
				COPY_PHASE_STRIP = NO;
				DEBUG_INFORMATION_FORMAT = "dwarf-with-dsym";
				ENABLE_STRICT_OBJC_MSGSEND = YES;
				GCC_C_LANGUAGE_STANDARD = gnu99;
				GCC_DYNAMIC_NO_PIC = NO;
				GCC_NO_COMMON_BLOCKS = YES;
				GCC_OPTIMIZATION_LEVEL = 0;
				GCC_PREPROCESSOR_DEFINITIONS = (
					"DEBUG=1",
					"$(inherited)",
				);
				GCC_SYMBOLS_PRIVATE_EXTERN = NO;
				GCC_WARN_64_TO_32_BIT_CONVERSION = YES;
				GCC_WARN_ABOUT_RETURN_TYPE = YES_ERROR;
				GCC_WARN_UNDECLARED_SELECTOR = YES;
				GCC_WARN_UNINITIALIZED_AUTOS = YES_AGGRESSIVE;
				GCC_WARN_UNUSED_FUNCTION = YES;
				GCC_WARN_UNUSED_VARIABLE = YES;
				IPHONEOS_DEPLOYMENT_TARGET = 8.3;
				MTL_ENABLE_DEBUG_INFO = YES;
				ONLY_ACTIVE_ARCH = YES;
				SDKROOT = iphoneos;
				TARGETED_DEVICE_FAMILY = 2;
			};
			name = Debug;
		};
		A4E184D91B0F50A600E0F420 /* Release */ = {
			isa = XCBuildConfiguration;
			buildSettings = {
				ALWAYS_SEARCH_USER_PATHS = NO;
				CLANG_CXX_LANGUAGE_STANDARD = "gnu++0x";
				CLANG_CXX_LIBRARY = "libc++";
				CLANG_ENABLE_MODULES = YES;
				CLANG_ENABLE_OBJC_ARC = YES;
				CLANG_WARN_BOOL_CONVERSION = YES;
				CLANG_WARN_CONSTANT_CONVERSION = YES;
				CLANG_WARN_DIRECT_OBJC_ISA_USAGE = YES_ERROR;
				CLANG_WARN_EMPTY_BODY = YES;
				CLANG_WARN_ENUM_CONVERSION = YES;
				CLANG_WARN_INT_CONVERSION = YES;
				CLANG_WARN_OBJC_ROOT_CLASS = YES_ERROR;
				CLANG_WARN_UNREACHABLE_CODE = YES;
				CLANG_WARN__DUPLICATE_METHOD_MATCH = YES;
				"CODE_SIGN_IDENTITY[sdk=iphoneos*]" = "iPhone Developer";
				COPY_PHASE_STRIP = NO;
				DEBUG_INFORMATION_FORMAT = "dwarf-with-dsym";
				ENABLE_NS_ASSERTIONS = NO;
				ENABLE_STRICT_OBJC_MSGSEND = YES;
				GCC_C_LANGUAGE_STANDARD = gnu99;
				GCC_NO_COMMON_BLOCKS = YES;
				GCC_WARN_64_TO_32_BIT_CONVERSION = YES;
				GCC_WARN_ABOUT_RETURN_TYPE = YES_ERROR;
				GCC_WARN_UNDECLARED_SELECTOR = YES;
				GCC_WARN_UNINITIALIZED_AUTOS = YES_AGGRESSIVE;
				GCC_WARN_UNUSED_FUNCTION = YES;
				GCC_WARN_UNUSED_VARIABLE = YES;
				IPHONEOS_DEPLOYMENT_TARGET = 8.3;
				MTL_ENABLE_DEBUG_INFO = NO;
				SDKROOT = iphoneos;
				TARGETED_DEVICE_FAMILY = 2;
				VALIDATE_PRODUCT = YES;
			};
			name = Release;
		};
		A4E184DB1B0F50A600E0F420 /* Debug */ = {
			isa = XCBuildConfiguration;
			buildSettings = {
				ASSETCATALOG_COMPILER_APPICON_NAME = AppIcon;
				CODE_SIGN_IDENTITY = "iPhone Developer";
				INFOPLIST_FILE = "ACRCV app/Info.plist";
				LD_RUNPATH_SEARCH_PATHS = "$(inherited) @executable_path/Frameworks";
				PRODUCT_NAME = "$(TARGET_NAME)";
			};
			name = Debug;
		};
		A4E184DC1B0F50A600E0F420 /* Release */ = {
			isa = XCBuildConfiguration;
			buildSettings = {
				ASSETCATALOG_COMPILER_APPICON_NAME = AppIcon;
				CODE_SIGN_IDENTITY = "iPhone Developer";
				INFOPLIST_FILE = "ACRCV app/Info.plist";
				LD_RUNPATH_SEARCH_PATHS = "$(inherited) @executable_path/Frameworks";
				PRODUCT_NAME = "$(TARGET_NAME)";
			};
			name = Release;
		};
		A4E184DE1B0F50A600E0F420 /* Debug */ = {
			isa = XCBuildConfiguration;
			buildSettings = {
				BUNDLE_LOADER = "$(TEST_HOST)";
				FRAMEWORK_SEARCH_PATHS = (
					"$(SDKROOT)/Developer/Library/Frameworks",
					"$(inherited)",
				);
				GCC_PREPROCESSOR_DEFINITIONS = (
					"DEBUG=1",
					"$(inherited)",
				);
				INFOPLIST_FILE = "ACRCV appTests/Info.plist";
				LD_RUNPATH_SEARCH_PATHS = "$(inherited) @executable_path/Frameworks @loader_path/Frameworks";
				PRODUCT_NAME = "$(TARGET_NAME)";
				TEST_HOST = "$(BUILT_PRODUCTS_DIR)/ACRCV app.app/ACRCV app";
			};
			name = Debug;
		};
		A4E184DF1B0F50A600E0F420 /* Release */ = {
			isa = XCBuildConfiguration;
			buildSettings = {
				BUNDLE_LOADER = "$(TEST_HOST)";
				FRAMEWORK_SEARCH_PATHS = (
					"$(SDKROOT)/Developer/Library/Frameworks",
					"$(inherited)",
				);
				INFOPLIST_FILE = "ACRCV appTests/Info.plist";
				LD_RUNPATH_SEARCH_PATHS = "$(inherited) @executable_path/Frameworks @loader_path/Frameworks";
				PRODUCT_NAME = "$(TARGET_NAME)";
				TEST_HOST = "$(BUILT_PRODUCTS_DIR)/ACRCV app.app/ACRCV app";
			};
			name = Release;
		};
/* End XCBuildConfiguration section */

/* Begin XCConfigurationList section */
		A4E184B21B0F50A500E0F420 /* Build configuration list for PBXProject "ACRCV app" */ = {
			isa = XCConfigurationList;
			buildConfigurations = (
				A4E184D81B0F50A600E0F420 /* Debug */,
				A4E184D91B0F50A600E0F420 /* Release */,
			);
			defaultConfigurationIsVisible = 0;
			defaultConfigurationName = Release;
		};
		A4E184DA1B0F50A600E0F420 /* Build configuration list for PBXNativeTarget "ACRCV app" */ = {
			isa = XCConfigurationList;
			buildConfigurations = (
				A4E184DB1B0F50A600E0F420 /* Debug */,
				A4E184DC1B0F50A600E0F420 /* Release */,
			);
			defaultConfigurationIsVisible = 0;
			defaultConfigurationName = Release;
		};
		A4E184DD1B0F50A600E0F420 /* Build configuration list for PBXNativeTarget "ACRCV appTests" */ = {
			isa = XCConfigurationList;
			buildConfigurations = (
				A4E184DE1B0F50A600E0F420 /* Debug */,
				A4E184DF1B0F50A600E0F420 /* Release */,
			);
			defaultConfigurationIsVisible = 0;
			defaultConfigurationName = Release;
		};
/* End XCConfigurationList section */
	};
	rootObject = A4E184AF1B0F50A500E0F420 /* Project object */;
}
