// !$*UTF8*$!
{
	archiveVersion = 1;
	classes = {
	};
	objectVersion = 46;
	objects = {

/* Begin PBXBuildFile section */
		A4E184BD1B0F50A600E0F420 /* main.m in Sources */ = {isa = PBXBuildFile; fileRef = A4E184BC1B0F50A600E0F420 /* main.m */; };
		A4E184C01B0F50A600E0F420 /* AppDelegate.m in Sources */ = {isa = PBXBuildFile; fileRef = A4E184BF1B0F50A600E0F420 /* AppDelegate.m */; };
		A4E184C31B0F50A600E0F420 /* ViewController.m in Sources */ = {isa = PBXBuildFile; fileRef = A4E184C21B0F50A600E0F420 /* ViewController.m */; };
		A4E184C61B0F50A600E0F420 /* Main.storyboard in Resources */ = {isa = PBXBuildFile; fileRef = A4E184C41B0F50A600E0F420 /* Main.storyboard */; };
		A4E184C81B0F50A600E0F420 /* Images.xcassets in Resources */ = {isa = PBXBuildFile; fileRef = A4E184C71B0F50A600E0F420 /* Images.xcassets */; };
		A4E184CB1B0F50A600E0F420 /* LaunchScreen.xib in Resources */ = {isa = PBXBuildFile; fileRef = A4E184C91B0F50A600E0F420 /* LaunchScreen.xib */; };
		A4E184D71B0F50A600E0F420 /* ACRCV_appTests.m in Sources */ = {isa = PBXBuildFile; fileRef = A4E184D61B0F50A600E0F420 /* ACRCV_appTests.m */; };
		A4E184EC1B0F789800E0F420 /* MainViewController.m in Sources */ = {isa = PBXBuildFile; fileRef = A4E184EB1B0F789800E0F420 /* MainViewController.m */; };
		A4E184EF1B0F78B700E0F420 /* BluetoothConnectingViewController.m in Sources */ = {isa = PBXBuildFile; fileRef = A4E184EE1B0F78B700E0F420 /* BluetoothConnectingViewController.m */; };
		A4E184F21B0F78E500E0F420 /* CLOptionsTableViewController.m in Sources */ = {isa = PBXBuildFile; fileRef = A4E184F11B0F78E500E0F420 /* CLOptionsTableViewController.m */; };
		A4E184F51B0F790100E0F420 /* SuperMainViewController.m in Sources */ = {isa = PBXBuildFile; fileRef = A4E184F41B0F790100E0F420 /* SuperMainViewController.m */; };
		A4E184F81B0F791000E0F420 /* GifViewController.m in Sources */ = {isa = PBXBuildFile; fileRef = A4E184F71B0F791000E0F420 /* GifViewController.m */; };
		A4E184FB1B0F791F00E0F420 /* SimpleInfoViewController.m in Sources */ = {isa = PBXBuildFile; fileRef = A4E184FA1B0F791F00E0F420 /* SimpleInfoViewController.m */; };
		A4E184FF1B0F795700E0F420 /* NoLongerConnectedViewController.m in Sources */ = {isa = PBXBuildFile; fileRef = A4E184FE1B0F795700E0F420 /* NoLongerConnectedViewController.m */; };
		A4E185021B0F7CD400E0F420 /* PageContentViewController.m in Sources */ = {isa = PBXBuildFile; fileRef = A4E185011B0F7CD400E0F420 /* PageContentViewController.m */; };
		A4E185041B0F7E7100E0F420 /* PageViewDemoImages in Resources */ = {isa = PBXBuildFile; fileRef = A4E185031B0F7E7100E0F420 /* PageViewDemoImages */; };
/* End PBXBuildFile section */

/* Begin PBXContainerItemProxy section */
		A4E184D11B0F50A600E0F420 /* PBXContainerItemProxy */ = {
			isa = PBXContainerItemProxy;
			containerPortal = A4E184AF1B0F50A500E0F420 /* Project object */;
			proxyType = 1;
			remoteGlobalIDString = A4E184B61B0F50A500E0F420;
			remoteInfo = "ACRCV app";
		};
/* End PBXContainerItemProxy section */

/* Begin PBXFileReference section */
		A4E184B71B0F50A600E0F420 /* ACRCV app.app */ = {isa = PBXFileReference; explicitFileType = wrapper.application; includeInIndex = 0; path = "ACRCV app.app"; sourceTree = BUILT_PRODUCTS_DIR; };
		A4E184BB1B0F50A600E0F420 /* Info.plist */ = {isa = PBXFileReference; lastKnownFileType = text.plist.xml; path = Info.plist; sourceTree = "<group>"; };
		A4E184BC1B0F50A600E0F420 /* main.m */ = {isa = PBXFileReference; lastKnownFileType = sourcecode.c.objc; path = main.m; sourceTree = "<group>"; };
		A4E184BE1B0F50A600E0F420 /* AppDelegate.h */ = {isa = PBXFileReference; lastKnownFileType = sourcecode.c.h; path = AppDelegate.h; sourceTree = "<group>"; };
		A4E184BF1B0F50A600E0F420 /* AppDelegate.m */ = {isa = PBXFileReference; lastKnownFileType = sourcecode.c.objc; path = AppDelegate.m; sourceTree = "<group>"; };
		A4E184C11B0F50A600E0F420 /* ViewController.h */ = {isa = PBXFileReference; lastKnownFileType = sourcecode.c.h; path = ViewController.h; sourceTree = "<group>"; };
		A4E184C21B0F50A600E0F420 /* ViewController.m */ = {isa = PBXFileReference; lastKnownFileType = sourcecode.c.objc; path = ViewController.m; sourceTree = "<group>"; };
		A4E184C51B0F50A600E0F420 /* Base */ = {isa = PBXFileReference; lastKnownFileType = file.storyboard; name = Base; path = Base.lproj/Main.storyboard; sourceTree = "<group>"; };
		A4E184C71B0F50A600E0F420 /* Images.xcassets */ = {isa = PBXFileReference; lastKnownFileType = folder.assetcatalog; name = Images.xcassets; path = "../ACRCV app/Images.xcassets"; sourceTree = "<group>"; };
		A4E184CA1B0F50A600E0F420 /* Base */ = {isa = PBXFileReference; lastKnownFileType = file.xib; name = Base; path = Base.lproj/LaunchScreen.xib; sourceTree = "<group>"; };
		A4E184D01B0F50A600E0F420 /* ACRCV appTests.xctest */ = {isa = PBXFileReference; explicitFileType = wrapper.cfbundle; includeInIndex = 0; path = "ACRCV appTests.xctest"; sourceTree = BUILT_PRODUCTS_DIR; };
		A4E184D51B0F50A600E0F420 /* Info.plist */ = {isa = PBXFileReference; lastKnownFileType = text.plist.xml; path = Info.plist; sourceTree = "<group>"; };
		A4E184D61B0F50A600E0F420 /* ACRCV_appTests.m */ = {isa = PBXFileReference; lastKnownFileType = sourcecode.c.objc; path = ACRCV_appTests.m; sourceTree = "<group>"; };
		A4E184EA1B0F789800E0F420 /* MainViewController.h */ = {isa = PBXFileReference; fileEncoding = 4; lastKnownFileType = sourcecode.c.h; path = MainViewController.h; sourceTree = "<group>"; };
		A4E184EB1B0F789800E0F420 /* MainViewController.m */ = {isa = PBXFileReference; fileEncoding = 4; lastKnownFileType = sourcecode.c.objc; path = MainViewController.m; sourceTree = "<group>"; };
		A4E184ED1B0F78B700E0F420 /* BluetoothConnectingViewController.h */ = {isa = PBXFileReference; fileEncoding = 4; lastKnownFileType = sourcecode.c.h; path = BluetoothConnectingViewController.h; sourceTree = "<group>"; };
		A4E184EE1B0F78B700E0F420 /* BluetoothConnectingViewController.m */ = {isa = PBXFileReference; fileEncoding = 4; lastKnownFileType = sourcecode.c.objc; path = BluetoothConnectingViewController.m; sourceTree = "<group>"; };
		A4E184F01B0F78E500E0F420 /* CLOptionsTableViewController.h */ = {isa = PBXFileReference; fileEncoding = 4; lastKnownFileType = sourcecode.c.h; path = CLOptionsTableViewController.h; sourceTree = "<group>"; };
		A4E184F11B0F78E500E0F420 /* CLOptionsTableViewController.m */ = {isa = PBXFileReference; fileEncoding = 4; lastKnownFileType = sourcecode.c.objc; path = CLOptionsTableViewController.m; sourceTree = "<group>"; };
		A4E184F31B0F790100E0F420 /* SuperMainViewController.h */ = {isa = PBXFileReference; fileEncoding = 4; lastKnownFileType = sourcecode.c.h; path = SuperMainViewController.h; sourceTree = "<group>"; };
		A4E184F41B0F790100E0F420 /* SuperMainViewController.m */ = {isa = PBXFileReference; fileEncoding = 4; lastKnownFileType = sourcecode.c.objc; path = SuperMainViewController.m; sourceTree = "<group>"; };
		A4E184F61B0F791000E0F420 /* GifViewController.h */ = {isa = PBXFileReference; fileEncoding = 4; lastKnownFileType = sourcecode.c.h; path = GifViewController.h; sourceTree = "<group>"; };
		A4E184F71B0F791000E0F420 /* GifViewController.m */ = {isa = PBXFileReference; fileEncoding = 4; lastKnownFileType = sourcecode.c.objc; path = GifViewController.m; sourceTree = "<group>"; };
		A4E184F91B0F791F00E0F420 /* SimpleInfoViewController.h */ = {isa = PBXFileReference; fileEncoding = 4; lastKnownFileType = sourcecode.c.h; path = SimpleInfoViewController.h; sourceTree = "<group>"; };
		A4E184FA1B0F791F00E0F420 /* SimpleInfoViewController.m */ = {isa = PBXFileReference; fileEncoding = 4; lastKnownFileType = sourcecode.c.objc; path = SimpleInfoViewController.m; sourceTree = "<group>"; };
		A4E184FD1B0F795700E0F420 /* NoLongerConnectedViewController.h */ = {isa = PBXFileReference; fileEncoding = 4; lastKnownFileType = sourcecode.c.h; path = NoLongerConnectedViewController.h; sourceTree = "<group>"; };
		A4E184FE1B0F795700E0F420 /* NoLongerConnectedViewController.m */ = {isa = PBXFileReference; fileEncoding = 4; lastKnownFileType = sourcecode.c.objc; path = NoLongerConnectedViewController.m; sourceTree = "<group>"; };
		A4E185001B0F7CD400E0F420 /* PageContentViewController.h */ = {isa = PBXFileReference; fileEncoding = 4; lastKnownFileType = sourcecode.c.h; path = PageContentViewController.h; sourceTree = "<group>"; };
		A4E185011B0F7CD400E0F420 /* PageContentViewController.m */ = {isa = PBXFileReference; fileEncoding = 4; lastKnownFileType = sourcecode.c.objc; path = PageContentViewController.m; sourceTree = "<group>"; };
		A4E185031B0F7E7100E0F420 /* PageViewDemoImages */ = {isa = PBXFileReference; lastKnownFileType = folder; name = PageViewDemoImages; path = ../../../../../Downloads/PageViewDemoImages; sourceTree = "<group>"; };
/* End PBXFileReference section */

/* Begin PBXFrameworksBuildPhase section */
		A4E184B41B0F50A500E0F420 /* Frameworks */ = {
			isa = PBXFrameworksBuildPhase;
			buildActionMask = 2147483647;
			files = (
			);
			runOnlyForDeploymentPostprocessing = 0;
		};
		A4E184CD1B0F50A600E0F420 /* Frameworks */ = {
			isa = PBXFrameworksBuildPhase;
			buildActionMask = 2147483647;
			files = (
			);
			runOnlyForDeploymentPostprocessing = 0;
		};
/* End PBXFrameworksBuildPhase section */

/* Begin PBXGroup section */
		A4E184AE1B0F50A500E0F420 = {
			isa = PBXGroup;
			children = (
				A4E184B91B0F50A600E0F420 /* ACRCV app */,
			);
			sourceTree = "<group>";
		};
		A4E184B81B0F50A600E0F420 /* Products */ = {
			isa = PBXGroup;
			children = (
				A4E184B71B0F50A600E0F420 /* ACRCV app.app */,
				A4E184D01B0F50A600E0F420 /* ACRCV appTests.xctest */,
			);
			name = Products;
			path = ..;
			sourceTree = "<group>";
		};
		A4E184B91B0F50A600E0F420 /* ACRCV app */ = {
			isa = PBXGroup;
			children = (
				A4E184E91B0F774600E0F420 /* Images/Music */,
				A4E184E41B0F76D600E0F420 /* Main View */,
				A4E184E31B0F76B000E0F420 /* Command Line */,
				A4E184E21B0F76A400E0F420 /* Bluetooth */,
				A4E184E11B0F769D00E0F420 /* Intro */,
				A4E184E01B0F769000E0F420 /* Extras */,
				A4E184BE1B0F50A600E0F420 /* AppDelegate.h */,
				A4E184BF1B0F50A600E0F420 /* AppDelegate.m */,
				A4E184C41B0F50A600E0F420 /* Main.storyboard */,
				A4E184D41B0F50A600E0F420 /* Supporting Files */,
			);
			path = "ACRCV app";
			sourceTree = "<group>";
		};
		A4E184BA1B0F50A600E0F420 /* Supporting Files */ = {
			isa = PBXGroup;
			children = (
				A4E184BB1B0F50A600E0F420 /* Info.plist */,
				A4E184BC1B0F50A600E0F420 /* main.m */,
			);
			name = "Supporting Files";
			path = "../ACRCV app";
			sourceTree = "<group>";
		};
		A4E184D31B0F50A600E0F420 /* ACRCV appTests */ = {
			isa = PBXGroup;
			children = (
				A4E184D61B0F50A600E0F420 /* ACRCV_appTests.m */,
			);
			name = "ACRCV appTests";
			sourceTree = "<group>";
		};
		A4E184D41B0F50A600E0F420 /* Supporting Files */ = {
			isa = PBXGroup;
			children = (
				A4E184C71B0F50A600E0F420 /* Images.xcassets */,
				A4E184C91B0F50A600E0F420 /* LaunchScreen.xib */,
				A4E184D31B0F50A600E0F420 /* ACRCV appTests */,
				A4E184BA1B0F50A600E0F420 /* Supporting Files */,
				A4E184B81B0F50A600E0F420 /* Products */,
				A4E184D51B0F50A600E0F420 /* Info.plist */,
			);
			name = "Supporting Files";
			path = "ACRCV appTests";
			sourceTree = SOURCE_ROOT;
		};
		A4E184E01B0F769000E0F420 /* Extras */ = {
			isa = PBXGroup;
			children = (
				A4E184FC1B0F794400E0F420 /* No Longer Connected */,
				A4E184E81B0F772200E0F420 /* Info (baby) View */,
				A4E184E71B0F770E00E0F420 /* Gif View */,
			);
			name = Extras;
			sourceTree = "<group>";
		};
		A4E184E11B0F769D00E0F420 /* Intro */ = {
			isa = PBXGroup;
			children = (
				A4E184C11B0F50A600E0F420 /* ViewController.h */,
				A4E184C21B0F50A600E0F420 /* ViewController.m */,
				A4E185001B0F7CD400E0F420 /* PageContentViewController.h */,
				A4E185011B0F7CD400E0F420 /* PageContentViewController.m */,
			);
			name = Intro;
			sourceTree = "<group>";
		};
		A4E184E21B0F76A400E0F420 /* Bluetooth */ = {
			isa = PBXGroup;
			children = (
				A4E184ED1B0F78B700E0F420 /* BluetoothConnectingViewController.h */,
				A4E184EE1B0F78B700E0F420 /* BluetoothConnectingViewController.m */,
			);
			name = Bluetooth;
			sourceTree = "<group>";
		};
		A4E184E31B0F76B000E0F420 /* Command Line */ = {
			isa = PBXGroup;
			children = (
				A4E184E61B0F76F600E0F420 /* New Main View */,
				A4E184E51B0F76E900E0F420 /* Options */,
			);
			name = "Command Line";
			sourceTree = "<group>";
		};
		A4E184E41B0F76D600E0F420 /* Main View */ = {
			isa = PBXGroup;
			children = (
				A4E184EA1B0F789800E0F420 /* MainViewController.h */,
				A4E184EB1B0F789800E0F420 /* MainViewController.m */,
			);
			name = "Main View";
			sourceTree = "<group>";
		};
		A4E184E51B0F76E900E0F420 /* Options */ = {
			isa = PBXGroup;
			children = (
				A4E184F01B0F78E500E0F420 /* CLOptionsTableViewController.h */,
				A4E184F11B0F78E500E0F420 /* CLOptionsTableViewController.m */,
			);
			name = Options;
			sourceTree = "<group>";
		};
		A4E184E61B0F76F600E0F420 /* New Main View */ = {
			isa = PBXGroup;
			children = (
				A4E184F31B0F790100E0F420 /* SuperMainViewController.h */,
				A4E184F41B0F790100E0F420 /* SuperMainViewController.m */,
			);
			name = "New Main View";
			sourceTree = "<group>";
		};
		A4E184E71B0F770E00E0F420 /* Gif View */ = {
			isa = PBXGroup;
			children = (
				A4E184F61B0F791000E0F420 /* GifViewController.h */,
				A4E184F71B0F791000E0F420 /* GifViewController.m */,
			);
			name = "Gif View";
			sourceTree = "<group>";
		};
		A4E184E81B0F772200E0F420 /* Info (baby) View */ = {
			isa = PBXGroup;
			children = (
				A4E184F91B0F791F00E0F420 /* SimpleInfoViewController.h */,
				A4E184FA1B0F791F00E0F420 /* SimpleInfoViewController.m */,
			);
			name = "Info (baby) View";
			sourceTree = "<group>";
		};
		A4E184E91B0F774600E0F420 /* Images/Music */ = {
			isa = PBXGroup;
			children = (
				A4E185031B0F7E7100E0F420 /* PageViewDemoImages */,
			);
			name = Images/Music;
			sourceTree = "<group>";
		};
		A4E184FC1B0F794400E0F420 /* No Longer Connected */ = {
			isa = PBXGroup;
			children = (
				A4E184FD1B0F795700E0F420 /* NoLongerConnectedViewController.h */,
				A4E184FE1B0F795700E0F420 /* NoLongerConnectedViewController.m */,
			);
			name = "No Longer Connected";
			sourceTree = "<group>";
		};
/* End PBXGroup section */

/* Begin PBXNativeTarget section */
		A4E184B61B0F50A500E0F420 /* ACRCV app */ = {
			isa = PBXNativeTarget;
			buildConfigurationList = A4E184DA1B0F50A600E0F420 /* Build configuration list for PBXNativeTarget "ACRCV app" */;
			buildPhases = (
				A4E184B31B0F50A500E0F420 /* Sources */,
				A4E184B41B0F50A500E0F420 /* Frameworks */,
				A4E184B51B0F50A500E0F420 /* Resources */,
			);
			buildRules = (
			);
			dependencies = (
			);
			name = "ACRCV app";
			productName = "ACRCV app";
			productReference = A4E184B71B0F50A600E0F420 /* ACRCV app.app */;
			productType = "com.apple.product-type.application";
		};
		A4E184CF1B0F50A600E0F420 /* ACRCV appTests */ = {
			isa = PBXNativeTarget;
			buildConfigurationList = A4E184DD1B0F50A600E0F420 /* Build configuration list for PBXNativeTarget "ACRCV appTests" */;
			buildPhases = (
				A4E184CC1B0F50A600E0F420 /* Sources */,
				A4E184CD1B0F50A600E0F420 /* Frameworks */,
				A4E184CE1B0F50A600E0F420 /* Resources */,
			);
			buildRules = (
			);
			dependencies = (
				A4E184D21B0F50A600E0F420 /* PBXTargetDependency */,
			);
			name = "ACRCV appTests";
			productName = "ACRCV appTests";
			productReference = A4E184D01B0F50A600E0F420 /* ACRCV appTests.xctest */;
			productType = "com.apple.product-type.bundle.unit-test";
		};
/* End PBXNativeTarget section */

/* Begin PBXProject section */
		A4E184AF1B0F50A500E0F420 /* Project object */ = {
			isa = PBXProject;
			attributes = {
				LastUpgradeCheck = 0630;
				ORGANIZATIONNAME = "Felix King";
				TargetAttributes = {
					A4E184B61B0F50A500E0F420 = {
						CreatedOnToolsVersion = 6.3.2;
					};
					A4E184CF1B0F50A600E0F420 = {
						CreatedOnToolsVersion = 6.3.2;
						TestTargetID = A4E184B61B0F50A500E0F420;
					};
				};
			};
			buildConfigurationList = A4E184B21B0F50A500E0F420 /* Build configuration list for PBXProject "ACRCV app" */;
			compatibilityVersion = "Xcode 3.2";
			developmentRegion = English;
			hasScannedForEncodings = 0;
			knownRegions = (
				en,
				Base,
			);
			mainGroup = A4E184AE1B0F50A500E0F420;
			productRefGroup = A4E184B81B0F50A600E0F420 /* Products */;
			projectDirPath = "";
			projectRoot = "";
			targets = (
				A4E184B61B0F50A500E0F420 /* ACRCV app */,
				A4E184CF1B0F50A600E0F420 /* ACRCV appTests */,
			);
		};
/* End PBXProject section */

/* Begin PBXResourcesBuildPhase section */
		A4E184B51B0F50A500E0F420 /* Resources */ = {
			isa = PBXResourcesBuildPhase;
			buildActionMask = 2147483647;
			files = (
				A4E184C61B0F50A600E0F420 /* Main.storyboard in Resources */,
				A4E185041B0F7E7100E0F420 /* PageViewDemoImages in Resources */,
				A4E184CB1B0F50A600E0F420 /* LaunchScreen.xib in Resources */,
				A4E184C81B0F50A600E0F420 /* Images.xcassets in Resources */,
			);
			runOnlyForDeploymentPostprocessing = 0;
		};
		A4E184CE1B0F50A600E0F420 /* Resources */ = {
			isa = PBXResourcesBuildPhase;
			buildActionMask = 2147483647;
			files = (
			);
			runOnlyForDeploymentPostprocessing = 0;
		};
/* End PBXResourcesBuildPhase section */

/* Begin PBXSourcesBuildPhase section */
		A4E184B31B0F50A500E0F420 /* Sources */ = {
			isa = PBXSourcesBuildPhase;
			buildActionMask = 2147483647;
			files = (
				A4E184EF1B0F78B700E0F420 /* BluetoothConnectingViewController.m in Sources */,
				A4E184C31B0F50A600E0F420 /* ViewController.m in Sources */,
				A4E185021B0F7CD400E0F420 /* PageContentViewController.m in Sources */,
				A4E184F51B0F790100E0F420 /* SuperMainViewController.m in Sources */,
				A4E184F81B0F791000E0F420 /* GifViewController.m in Sources */,
				A4E184C01B0F50A600E0F420 /* AppDelegate.m in Sources */,
				A4E184BD1B0F50A600E0F420 /* main.m in Sources */,
				A4E184EC1B0F789800E0F420 /* MainViewController.m in Sources */,
				A4E184F21B0F78E500E0F420 /* CLOptionsTableViewController.m in Sources */,
				A4E184FF1B0F795700E0F420 /* NoLongerConnectedViewController.m in Sources */,
				A4E184FB1B0F791F00E0F420 /* SimpleInfoViewController.m in Sources */,
			);
			runOnlyForDeploymentPostprocessing = 0;
		};
		A4E184CC1B0F50A600E0F420 /* Sources */ = {
			isa = PBXSourcesBuildPhase;
			buildActionMask = 2147483647;
			files = (
				A4E184D71B0F50A600E0F420 /* ACRCV_appTests.m in Sources */,
			);
			runOnlyForDeploymentPostprocessing = 0;
		};
/* End PBXSourcesBuildPhase section */

/* Begin PBXTargetDependency section */
		A4E184D21B0F50A600E0F420 /* PBXTargetDependency */ = {
			isa = PBXTargetDependency;
			target = A4E184B61B0F50A500E0F420 /* ACRCV app */;
			targetProxy = A4E184D11B0F50A600E0F420 /* PBXContainerItemProxy */;
		};
/* End PBXTargetDependency section */

/* Begin PBXVariantGroup section */
		A4E184C41B0F50A600E0F420 /* Main.storyboard */ = {
			isa = PBXVariantGroup;
			children = (
				A4E184C51B0F50A600E0F420 /* Base */,
			);
			name = Main.storyboard;
			sourceTree = "<group>";
		};
		A4E184C91B0F50A600E0F420 /* LaunchScreen.xib */ = {
			isa = PBXVariantGroup;
			children = (
				A4E184CA1B0F50A600E0F420 /* Base */,
			);
			name = LaunchScreen.xib;
			path = "../ACRCV app";
			sourceTree = "<group>";
		};
/* End PBXVariantGroup section */

/* Begin XCBuildConfiguration section */
		A4E184D81B0F50A600E0F420 /* Debug */ = {
			isa = XCBuildConfiguration;
			buildSettings = {
				ALWAYS_SEARCH_USER_PATHS = NO;
				CLANG_CXX_LANGUAGE_STANDARD = "gnu++0x";
				CLANG_CXX_LIBRARY = "libc++";
				CLANG_ENABLE_MODULES = YES;
				CLANG_ENABLE_OBJC_ARC = YES;
				CLANG_WARN_BOOL_CONVERSION = YES;
				CLANG_WARN_CONSTANT_CONVERSION = YES;
				CLANG_WARN_DIRECT_OBJC_ISA_USAGE = YES_ERROR;
				CLANG_WARN_EMPTY_BODY = YES;
				CLANG_WARN_ENUM_CONVERSION = YES;
				CLANG_WARN_INT_CONVERSION = YES;
				CLANG_WARN_OBJC_ROOT_CLASS = YES_ERROR;
				CLANG_WARN_UNREACHABLE_CODE = YES;
				CLANG_WARN__DUPLICATE_METHOD_MATCH = YES;
				"CODE_SIGN_IDENTITY[sdk=iphoneos*]" = "iPhone Developer";
				COPY_PHASE_STRIP = NO;
				DEBUG_INFORMATION_FORMAT = "dwarf-with-dsym";
				ENABLE_STRICT_OBJC_MSGSEND = YES;
				GCC_C_LANGUAGE_STANDARD = gnu99;
				GCC_DYNAMIC_NO_PIC = NO;
				GCC_NO_COMMON_BLOCKS = YES;
				GCC_OPTIMIZATION_LEVEL = 0;
				GCC_PREPROCESSOR_DEFINITIONS = (
					"DEBUG=1",
					"$(inherited)",
				);
				GCC_SYMBOLS_PRIVATE_EXTERN = NO;
				GCC_WARN_64_TO_32_BIT_CONVERSION = YES;
				GCC_WARN_ABOUT_RETURN_TYPE = YES_ERROR;
				GCC_WARN_UNDECLARED_SELECTOR = YES;
				GCC_WARN_UNINITIALIZED_AUTOS = YES_AGGRESSIVE;
				GCC_WARN_UNUSED_FUNCTION = YES;
				GCC_WARN_UNUSED_VARIABLE = YES;
				IPHONEOS_DEPLOYMENT_TARGET = 8.3;
				MTL_ENABLE_DEBUG_INFO = YES;
				ONLY_ACTIVE_ARCH = YES;
				SDKROOT = iphoneos;
				TARGETED_DEVICE_FAMILY = 2;
			};
			name = Debug;
		};
		A4E184D91B0F50A600E0F420 /* Release */ = {
			isa = XCBuildConfiguration;
			buildSettings = {
				ALWAYS_SEARCH_USER_PATHS = NO;
				CLANG_CXX_LANGUAGE_STANDARD = "gnu++0x";
				CLANG_CXX_LIBRARY = "libc++";
				CLANG_ENABLE_MODULES = YES;
				CLANG_ENABLE_OBJC_ARC = YES;
				CLANG_WARN_BOOL_CONVERSION = YES;
				CLANG_WARN_CONSTANT_CONVERSION = YES;
				CLANG_WARN_DIRECT_OBJC_ISA_USAGE = YES_ERROR;
				CLANG_WARN_EMPTY_BODY = YES;
				CLANG_WARN_ENUM_CONVERSION = YES;
				CLANG_WARN_INT_CONVERSION = YES;
				CLANG_WARN_OBJC_ROOT_CLASS = YES_ERROR;
				CLANG_WARN_UNREACHABLE_CODE = YES;
				CLANG_WARN__DUPLICATE_METHOD_MATCH = YES;
				"CODE_SIGN_IDENTITY[sdk=iphoneos*]" = "iPhone Developer";
				COPY_PHASE_STRIP = NO;
				DEBUG_INFORMATION_FORMAT = "dwarf-with-dsym";
				ENABLE_NS_ASSERTIONS = NO;
				ENABLE_STRICT_OBJC_MSGSEND = YES;
				GCC_C_LANGUAGE_STANDARD = gnu99;
				GCC_NO_COMMON_BLOCKS = YES;
				GCC_WARN_64_TO_32_BIT_CONVERSION = YES;
				GCC_WARN_ABOUT_RETURN_TYPE = YES_ERROR;
				GCC_WARN_UNDECLARED_SELECTOR = YES;
				GCC_WARN_UNINITIALIZED_AUTOS = YES_AGGRESSIVE;
				GCC_WARN_UNUSED_FUNCTION = YES;
				GCC_WARN_UNUSED_VARIABLE = YES;
				IPHONEOS_DEPLOYMENT_TARGET = 8.3;
				MTL_ENABLE_DEBUG_INFO = NO;
				SDKROOT = iphoneos;
				TARGETED_DEVICE_FAMILY = 2;
				VALIDATE_PRODUCT = YES;
			};
			name = Release;
		};
		A4E184DB1B0F50A600E0F420 /* Debug */ = {
			isa = XCBuildConfiguration;
			buildSettings = {
				ASSETCATALOG_COMPILER_APPICON_NAME = AppIcon;
				INFOPLIST_FILE = "ACRCV app/Info.plist";
				LD_RUNPATH_SEARCH_PATHS = "$(inherited) @executable_path/Frameworks";
				PRODUCT_NAME = "$(TARGET_NAME)";
			};
			name = Debug;
		};
		A4E184DC1B0F50A600E0F420 /* Release */ = {
			isa = XCBuildConfiguration;
			buildSettings = {
				ASSETCATALOG_COMPILER_APPICON_NAME = AppIcon;
				INFOPLIST_FILE = "ACRCV app/Info.plist";
				LD_RUNPATH_SEARCH_PATHS = "$(inherited) @executable_path/Frameworks";
				PRODUCT_NAME = "$(TARGET_NAME)";
			};
			name = Release;
		};
		A4E184DE1B0F50A600E0F420 /* Debug */ = {
			isa = XCBuildConfiguration;
			buildSettings = {
				BUNDLE_LOADER = "$(TEST_HOST)";
				FRAMEWORK_SEARCH_PATHS = (
					"$(SDKROOT)/Developer/Library/Frameworks",
					"$(inherited)",
				);
				GCC_PREPROCESSOR_DEFINITIONS = (
					"DEBUG=1",
					"$(inherited)",
				);
				INFOPLIST_FILE = "ACRCV appTests/Info.plist";
				LD_RUNPATH_SEARCH_PATHS = "$(inherited) @executable_path/Frameworks @loader_path/Frameworks";
				PRODUCT_NAME = "$(TARGET_NAME)";
				TEST_HOST = "$(BUILT_PRODUCTS_DIR)/ACRCV app.app/ACRCV app";
			};
			name = Debug;
		};
		A4E184DF1B0F50A600E0F420 /* Release */ = {
			isa = XCBuildConfiguration;
			buildSettings = {
				BUNDLE_LOADER = "$(TEST_HOST)";
				FRAMEWORK_SEARCH_PATHS = (
					"$(SDKROOT)/Developer/Library/Frameworks",
					"$(inherited)",
				);
				INFOPLIST_FILE = "ACRCV appTests/Info.plist";
				LD_RUNPATH_SEARCH_PATHS = "$(inherited) @executable_path/Frameworks @loader_path/Frameworks";
				PRODUCT_NAME = "$(TARGET_NAME)";
				TEST_HOST = "$(BUILT_PRODUCTS_DIR)/ACRCV app.app/ACRCV app";
			};
			name = Release;
		};
/* End XCBuildConfiguration section */

/* Begin XCConfigurationList section */
		A4E184B21B0F50A500E0F420 /* Build configuration list for PBXProject "ACRCV app" */ = {
			isa = XCConfigurationList;
			buildConfigurations = (
				A4E184D81B0F50A600E0F420 /* Debug */,
				A4E184D91B0F50A600E0F420 /* Release */,
			);
			defaultConfigurationIsVisible = 0;
			defaultConfigurationName = Release;
		};
		A4E184DA1B0F50A600E0F420 /* Build configuration list for PBXNativeTarget "ACRCV app" */ = {
			isa = XCConfigurationList;
			buildConfigurations = (
				A4E184DB1B0F50A600E0F420 /* Debug */,
				A4E184DC1B0F50A600E0F420 /* Release */,
			);
			defaultConfigurationIsVisible = 0;
		};
		A4E184DD1B0F50A600E0F420 /* Build configuration list for PBXNativeTarget "ACRCV appTests" */ = {
			isa = XCConfigurationList;
			buildConfigurations = (
				A4E184DE1B0F50A600E0F420 /* Debug */,
				A4E184DF1B0F50A600E0F420 /* Release */,
			);
			defaultConfigurationIsVisible = 0;
		};
/* End XCConfigurationList section */
	};
	rootObject = A4E184AF1B0F50A500E0F420 /* Project object */;
}
